
Microsoft Visual Studio Solution File, Format Version 12.00
# Visual Studio 14
VisualStudioVersion = 14.0.25123.0
Project("{8BC9CEB8-8B4A-11D0-8D11-00A0C91BC942}") = "recar2.sample.cpp", "recar2.sample.cpp.vcxproj", "{058E2D06-5F23-4F37-BBE7-0432655FC1CD}"
EndProject
Global
	GlobalSection(SolutionConfigurationPlatforms) = preSolution
		Debug|x64 = Debug|x64
		Debug|x86 = Debug|x86
		Release|x64 = Release|x64
		Release|x86 = Release|x86
	EndGlobalSection
	GlobalSection(ProjectConfigurationPlatforms) = postSolution
		{058E2D06-5F23-4F37-BBE7-0432655FC1CD}.Debug|x64.ActiveCfg = Debug|x64
		{058E2D06-5F23-4F37-BBE7-0432655FC1CD}.Debug|x64.Build.0 = Debug|x64
		{058E2D06-5F23-4F37-BBE7-0432655FC1CD}.Debug|x86.ActiveCfg = Debug|Win32
		{058E2D06-5F23-4F37-BBE7-0432655FC1CD}.Debug|x86.Build.0 = Debug|Win32
		{058E2D06-5F23-4F37-BBE7-0432655FC1CD}.Release|x64.ActiveCfg = Release|x64
		{058E2D06-5F23-4F37-BBE7-0432655FC1CD}.Release|x64.Build.0 = Release|x64
		{058E2D06-5F23-4F37-BBE7-0432655FC1CD}.Release|x86.ActiveCfg = Release|Win32
		{058E2D06-5F23-4F37-BBE7-0432655FC1CD}.Release|x86.Build.0 = Release|Win32
	EndGlobalSection
	GlobalSection(SolutionProperties) = preSolution
		HideSolutionNode = FALSE
	EndGlobalSection
	GlobalSection(ExtensibilityGlobals) = postSolution
		SolutionGuid = {3C607BAF-E0BD-455A-9017-5D5854F45E8B}
	EndGlobalSection
EndGlobal
